
Microsoft Visual Studio Solution File, Format Version 12.00
# Visual Studio Version 17
VisualStudioVersion = 17.9.34728.123
MinimumVisualStudioVersion = 10.0.40219.1
Project("{9A19103F-16F7-4668-BE54-9A1E7A4F7556}") = "AspDay5", "AspDay5.csproj", "{DF2F18C9-EFD4-43F3-A522-D1F2777C2606}"
EndProject
Global
	GlobalSection(SolutionConfigurationPlatforms) = preSolution
		Debug|Any CPU = Debug|Any CPU
		Release|Any CPU = Release|Any CPU
	EndGlobalSection
	GlobalSection(ProjectConfigurationPlatforms) = postSolution
		{DF2F18C9-EFD4-43F3-A522-D1F2777C2606}.Debug|Any CPU.ActiveCfg = Debug|Any CPU
		{DF2F18C9-EFD4-43F3-A522-D1F2777C2606}.Debug|Any CPU.Build.0 = Debug|Any CPU
		{DF2F18C9-EFD4-43F3-A522-D1F2777C2606}.Release|Any CPU.ActiveCfg = Release|Any CPU
		{DF2F18C9-EFD4-43F3-A522-D1F2777C2606}.Release|Any CPU.Build.0 = Release|Any CPU
	EndGlobalSection
	GlobalSection(SolutionProperties) = preSolution
		HideSolutionNode = FALSE
	EndGlobalSection
	GlobalSection(ExtensibilityGlobals) = postSolution
		SolutionGuid = {BD3FE3FA-41E6-4241-BBC9-6EA6F2D2E92C}
	EndGlobalSection
EndGlobal
